// !$*UTF8*$!
{
	archiveVersion = 1;
	classes = {
	};
	objectVersion = 56;
	objects = {

/* Begin PBXBuildFile section */
		CAD910652C91773100EF1009 /* AppDelegate.swift in Sources */ = {isa = PBXBuildFile; fileRef = CAD910642C91773100EF1009 /* AppDelegate.swift */; };
		CAD910672C91773100EF1009 /* SceneDelegate.swift in Sources */ = {isa = PBXBuildFile; fileRef = CAD910662C91773100EF1009 /* SceneDelegate.swift */; };
		CAD910692C91773100EF1009 /* ViewController.swift in Sources */ = {isa = PBXBuildFile; fileRef = CAD910682C91773100EF1009 /* ViewController.swift */; };
		CAD9106C2C91773100EF1009 /* Base in Resources */ = {isa = PBXBuildFile; fileRef = CAD9106B2C91773100EF1009 /* Base */; };
		CAD9106E2C91773300EF1009 /* Assets.xcassets in Resources */ = {isa = PBXBuildFile; fileRef = CAD9106D2C91773300EF1009 /* Assets.xcassets */; };
		CAD910712C91773300EF1009 /* Base in Resources */ = {isa = PBXBuildFile; fileRef = CAD910702C91773300EF1009 /* Base */; };
		CAD910A22C919D3400EF1009 /* CityWeatherViewController.swift in Sources */ = {isa = PBXBuildFile; fileRef = CAD910A12C919D3400EF1009 /* CityWeatherViewController.swift */; };
		CAD910A42C919DC400EF1009 /* APIService.swift in Sources */ = {isa = PBXBuildFile; fileRef = CAD910A32C919DC400EF1009 /* APIService.swift */; };
		CAD910AA2C919EE200EF1009 /* Weather.swift in Sources */ = {isa = PBXBuildFile; fileRef = CAD910A92C919EE200EF1009 /* Weather.swift */; };
		CAD910AC2C919EF100EF1009 /* WeatherForecast.swift in Sources */ = {isa = PBXBuildFile; fileRef = CAD910AB2C919EF100EF1009 /* WeatherForecast.swift */; };
		CAD910AE2C919F6800EF1009 /* City.swift in Sources */ = {isa = PBXBuildFile; fileRef = CAD910AD2C919F6800EF1009 /* City.swift */; };
		CAD910B02C919FAD00EF1009 /* CitiesListEntity.swift in Sources */ = {isa = PBXBuildFile; fileRef = CAD910AF2C919FAD00EF1009 /* CitiesListEntity.swift */; };
		CAD910B22C919FC800EF1009 /* CitiesListInteractor.swift in Sources */ = {isa = PBXBuildFile; fileRef = CAD910B12C919FC800EF1009 /* CitiesListInteractor.swift */; };
		CAD910B42C919FE400EF1009 /* CitiesListPresenter.swift in Sources */ = {isa = PBXBuildFile; fileRef = CAD910B32C919FE400EF1009 /* CitiesListPresenter.swift */; };
		CAD910B62C91A00300EF1009 /* CitiesListRouter.swift in Sources */ = {isa = PBXBuildFile; fileRef = CAD910B52C91A00300EF1009 /* CitiesListRouter.swift */; };
		CAD910B82C91A01D00EF1009 /* CitiesListView.swift in Sources */ = {isa = PBXBuildFile; fileRef = CAD910B72C91A01D00EF1009 /* CitiesListView.swift */; };
/* End PBXBuildFile section */

/* Begin PBXFileReference section */
		CAD910612C91773100EF1009 /* Present Service Contact Weather.app */ = {isa = PBXFileReference; explicitFileType = wrapper.application; includeInIndex = 0; path = "Present Service Contact Weather.app"; sourceTree = BUILT_PRODUCTS_DIR; };
		CAD910642C91773100EF1009 /* AppDelegate.swift */ = {isa = PBXFileReference; lastKnownFileType = sourcecode.swift; path = AppDelegate.swift; sourceTree = "<group>"; };
		CAD910662C91773100EF1009 /* SceneDelegate.swift */ = {isa = PBXFileReference; lastKnownFileType = sourcecode.swift; path = SceneDelegate.swift; sourceTree = "<group>"; };
		CAD910682C91773100EF1009 /* ViewController.swift */ = {isa = PBXFileReference; lastKnownFileType = sourcecode.swift; path = ViewController.swift; sourceTree = "<group>"; };
		CAD9106B2C91773100EF1009 /* Base */ = {isa = PBXFileReference; lastKnownFileType = file.storyboard; name = Base; path = Base.lproj/Main.storyboard; sourceTree = "<group>"; };
		CAD9106D2C91773300EF1009 /* Assets.xcassets */ = {isa = PBXFileReference; lastKnownFileType = folder.assetcatalog; path = Assets.xcassets; sourceTree = "<group>"; };
		CAD910702C91773300EF1009 /* Base */ = {isa = PBXFileReference; lastKnownFileType = file.storyboard; name = Base; path = Base.lproj/LaunchScreen.storyboard; sourceTree = "<group>"; };
		CAD910722C91773300EF1009 /* Info.plist */ = {isa = PBXFileReference; lastKnownFileType = text.plist.xml; path = Info.plist; sourceTree = "<group>"; };
		CAD910A12C919D3400EF1009 /* CityWeatherViewController.swift */ = {isa = PBXFileReference; lastKnownFileType = sourcecode.swift; path = CityWeatherViewController.swift; sourceTree = "<group>"; };
		CAD910A32C919DC400EF1009 /* APIService.swift */ = {isa = PBXFileReference; lastKnownFileType = sourcecode.swift; path = APIService.swift; sourceTree = "<group>"; };
		CAD910A92C919EE200EF1009 /* Weather.swift */ = {isa = PBXFileReference; lastKnownFileType = sourcecode.swift; path = Weather.swift; sourceTree = "<group>"; };
		CAD910AB2C919EF100EF1009 /* WeatherForecast.swift */ = {isa = PBXFileReference; lastKnownFileType = sourcecode.swift; path = WeatherForecast.swift; sourceTree = "<group>"; };
		CAD910AD2C919F6800EF1009 /* City.swift */ = {isa = PBXFileReference; lastKnownFileType = sourcecode.swift; path = City.swift; sourceTree = "<group>"; };
		CAD910AF2C919FAD00EF1009 /* CitiesListEntity.swift */ = {isa = PBXFileReference; lastKnownFileType = sourcecode.swift; path = CitiesListEntity.swift; sourceTree = "<group>"; };
		CAD910B12C919FC800EF1009 /* CitiesListInteractor.swift */ = {isa = PBXFileReference; lastKnownFileType = sourcecode.swift; path = CitiesListInteractor.swift; sourceTree = "<group>"; };
		CAD910B32C919FE400EF1009 /* CitiesListPresenter.swift */ = {isa = PBXFileReference; lastKnownFileType = sourcecode.swift; path = CitiesListPresenter.swift; sourceTree = "<group>"; };
		CAD910B52C91A00300EF1009 /* CitiesListRouter.swift */ = {isa = PBXFileReference; lastKnownFileType = sourcecode.swift; path = CitiesListRouter.swift; sourceTree = "<group>"; };
		CAD910B72C91A01D00EF1009 /* CitiesListView.swift */ = {isa = PBXFileReference; lastKnownFileType = sourcecode.swift; path = CitiesListView.swift; sourceTree = "<group>"; };
/* End PBXFileReference section */

/* Begin PBXFrameworksBuildPhase section */
		CAD9105E2C91773100EF1009 /* Frameworks */ = {
			isa = PBXFrameworksBuildPhase;
			buildActionMask = 2147483647;
			files = (
			);
			runOnlyForDeploymentPostprocessing = 0;
		};
/* End PBXFrameworksBuildPhase section */

/* Begin PBXGroup section */
		CAD910582C91773100EF1009 = {
			isa = PBXGroup;
			children = (
				CAD910632C91773100EF1009 /* Present Service Contact Weather */,
				CAD910622C91773100EF1009 /* Products */,
			);
			sourceTree = "<group>";
		};
		CAD910622C91773100EF1009 /* Products */ = {
			isa = PBXGroup;
			children = (
				CAD910612C91773100EF1009 /* Present Service Contact Weather.app */,
			);
			name = Products;
			sourceTree = "<group>";
		};
		CAD910632C91773100EF1009 /* Present Service Contact Weather */ = {
			isa = PBXGroup;
			children = (
				CAD9107C2C91784E00EF1009 /* Application */,
				CAD9107B2C91782A00EF1009 /* Resources */,
				CAD9107A2C91781C00EF1009 /* Services */,
				CAD910792C91781000EF1009 /* Modules */,
				CAD910782C9177FF00EF1009 /* Models */,
				CAD910722C91773300EF1009 /* Info.plist */,
			);
			path = "Present Service Contact Weather";
			sourceTree = "<group>";
		};
		CAD910782C9177FF00EF1009 /* Models */ = {
			isa = PBXGroup;
			children = (
				CAD910A92C919EE200EF1009 /* Weather.swift */,
				CAD910AB2C919EF100EF1009 /* WeatherForecast.swift */,
				CAD910AD2C919F6800EF1009 /* City.swift */,
			);
			path = Models;
			sourceTree = "<group>";
		};
		CAD910792C91781000EF1009 /* Modules */ = {
			isa = PBXGroup;
			children = (
				CAD910AF2C919FAD00EF1009 /* CitiesListEntity.swift */,
				CAD910B12C919FC800EF1009 /* CitiesListInteractor.swift */,
				CAD910B32C919FE400EF1009 /* CitiesListPresenter.swift */,
				CAD910B52C91A00300EF1009 /* CitiesListRouter.swift */,
				CAD910B72C91A01D00EF1009 /* CitiesListView.swift */,
			);
			path = Modules;
			sourceTree = "<group>";
		};
		CAD9107A2C91781C00EF1009 /* Services */ = {
			isa = PBXGroup;
			children = (
				CAD910A32C919DC400EF1009 /* APIService.swift */,
			);
			path = Services;
			sourceTree = "<group>";
		};
		CAD9107B2C91782A00EF1009 /* Resources */ = {
			isa = PBXGroup;
			children = (
				CAD910642C91773100EF1009 /* AppDelegate.swift */,
				CAD910662C91773100EF1009 /* SceneDelegate.swift */,
				CAD910682C91773100EF1009 /* ViewController.swift */,
				CAD910A12C919D3400EF1009 /* CityWeatherViewController.swift */,
			);
			path = Resources;
			sourceTree = "<group>";
		};
		CAD9107C2C91784E00EF1009 /* Application */ = {
			isa = PBXGroup;
			children = (
				CAD9106A2C91773100EF1009 /* Main.storyboard */,
				CAD9106D2C91773300EF1009 /* Assets.xcassets */,
				CAD9106F2C91773300EF1009 /* LaunchScreen.storyboard */,
			);
			path = Application;
			sourceTree = "<group>";
		};
/* End PBXGroup section */

/* Begin PBXNativeTarget section */
		CAD910602C91773100EF1009 /* Present Service Contact Weather */ = {
			isa = PBXNativeTarget;
			buildConfigurationList = CAD910752C91773300EF1009 /* Build configuration list for PBXNativeTarget "Present Service Contact Weather" */;
			buildPhases = (
				CAD9105D2C91773100EF1009 /* Sources */,
				CAD9105E2C91773100EF1009 /* Frameworks */,
				CAD9105F2C91773100EF1009 /* Resources */,
			);
			buildRules = (
			);
			dependencies = (
			);
			name = "Present Service Contact Weather";
			productName = "Present Service Contact Weather";
			productReference = CAD910612C91773100EF1009 /* Present Service Contact Weather.app */;
			productType = "com.apple.product-type.application";
		};
/* End PBXNativeTarget section */

/* Begin PBXProject section */
		CAD910592C91773100EF1009 /* Project object */ = {
			isa = PBXProject;
			attributes = {
				BuildIndependentTargetsInParallel = 1;
				LastSwiftUpdateCheck = 1540;
				LastUpgradeCheck = 1540;
				TargetAttributes = {
					CAD910602C91773100EF1009 = {
						CreatedOnToolsVersion = 15.4;
					};
				};
			};
			buildConfigurationList = CAD9105C2C91773100EF1009 /* Build configuration list for PBXProject "Present Service Contact Weather" */;
			compatibilityVersion = "Xcode 14.0";
			developmentRegion = en;
			hasScannedForEncodings = 0;
			knownRegions = (
				en,
				Base,
			);
			mainGroup = CAD910582C91773100EF1009;
			productRefGroup = CAD910622C91773100EF1009 /* Products */;
			projectDirPath = "";
			projectRoot = "";
			targets = (
				CAD910602C91773100EF1009 /* Present Service Contact Weather */,
			);
		};
/* End PBXProject section */

/* Begin PBXResourcesBuildPhase section */
		CAD9105F2C91773100EF1009 /* Resources */ = {
			isa = PBXResourcesBuildPhase;
			buildActionMask = 2147483647;
			files = (
				CAD9106E2C91773300EF1009 /* Assets.xcassets in Resources */,
				CAD910712C91773300EF1009 /* Base in Resources */,
				CAD9106C2C91773100EF1009 /* Base in Resources */,
			);
			runOnlyForDeploymentPostprocessing = 0;
		};
/* End PBXResourcesBuildPhase section */

/* Begin PBXSourcesBuildPhase section */
		CAD9105D2C91773100EF1009 /* Sources */ = {
			isa = PBXSourcesBuildPhase;
			buildActionMask = 2147483647;
			files = (
				CAD910A22C919D3400EF1009 /* CityWeatherViewController.swift in Sources */,
				CAD910692C91773100EF1009 /* ViewController.swift in Sources */,
				CAD910B42C919FE400EF1009 /* CitiesListPresenter.swift in Sources */,
				CAD910AE2C919F6800EF1009 /* City.swift in Sources */,
				CAD910B02C919FAD00EF1009 /* CitiesListEntity.swift in Sources */,
				CAD910652C91773100EF1009 /* AppDelegate.swift in Sources */,
				CAD910B22C919FC800EF1009 /* CitiesListInteractor.swift in Sources */,
				CAD910B62C91A00300EF1009 /* CitiesListRouter.swift in Sources */,
				CAD910AA2C919EE200EF1009 /* Weather.swift in Sources */,
				CAD910A42C919DC400EF1009 /* APIService.swift in Sources */,
				CAD910AC2C919EF100EF1009 /* WeatherForecast.swift in Sources */,
				CAD910672C91773100EF1009 /* SceneDelegate.swift in Sources */,
				CAD910B82C91A01D00EF1009 /* CitiesListView.swift in Sources */,
			);
			runOnlyForDeploymentPostprocessing = 0;
		};
/* End PBXSourcesBuildPhase section */

/* Begin PBXVariantGroup section */
		CAD9106A2C91773100EF1009 /* Main.storyboard */ = {
			isa = PBXVariantGroup;
			children = (
				CAD9106B2C91773100EF1009 /* Base */,
			);
			name = Main.storyboard;
			sourceTree = "<group>";
		};
		CAD9106F2C91773300EF1009 /* LaunchScreen.storyboard */ = {
			isa = PBXVariantGroup;
			children = (
				CAD910702C91773300EF1009 /* Base */,
			);
			name = LaunchScreen.storyboard;
			sourceTree = "<group>";
		};
/* End PBXVariantGroup section */

/* Begin XCBuildConfiguration section */
		CAD910732C91773300EF1009 /* Debug */ = {
			isa = XCBuildConfiguration;
			buildSettings = {
				ALWAYS_SEARCH_USER_PATHS = NO;
				ASSETCATALOG_COMPILER_GENERATE_SWIFT_ASSET_SYMBOL_EXTENSIONS = YES;
				CLANG_ANALYZER_NONNULL = YES;
				CLANG_ANALYZER_NUMBER_OBJECT_CONVERSION = YES_AGGRESSIVE;
				CLANG_CXX_LANGUAGE_STANDARD = "gnu++20";
				CLANG_ENABLE_MODULES = YES;
				CLANG_ENABLE_OBJC_ARC = YES;
				CLANG_ENABLE_OBJC_WEAK = YES;
				CLANG_WARN_BLOCK_CAPTURE_AUTORELEASING = YES;
				CLANG_WARN_BOOL_CONVERSION = YES;
				CLANG_WARN_COMMA = YES;
				CLANG_WARN_CONSTANT_CONVERSION = YES;
				CLANG_WARN_DEPRECATED_OBJC_IMPLEMENTATIONS = YES;
				CLANG_WARN_DIRECT_OBJC_ISA_USAGE = YES_ERROR;
				CLANG_WARN_DOCUMENTATION_COMMENTS = YES;
				CLANG_WARN_EMPTY_BODY = YES;
				CLANG_WARN_ENUM_CONVERSION = YES;
				CLANG_WARN_INFINITE_RECURSION = YES;
				CLANG_WARN_INT_CONVERSION = YES;
				CLANG_WARN_NON_LITERAL_NULL_CONVERSION = YES;
				CLANG_WARN_OBJC_IMPLICIT_RETAIN_SELF = YES;
				CLANG_WARN_OBJC_LITERAL_CONVERSION = YES;
				CLANG_WARN_OBJC_ROOT_CLASS = YES_ERROR;
				CLANG_WARN_QUOTED_INCLUDE_IN_FRAMEWORK_HEADER = YES;
				CLANG_WARN_RANGE_LOOP_ANALYSIS = YES;
				CLANG_WARN_STRICT_PROTOTYPES = YES;
				CLANG_WARN_SUSPICIOUS_MOVE = YES;
				CLANG_WARN_UNGUARDED_AVAILABILITY = YES_AGGRESSIVE;
				CLANG_WARN_UNREACHABLE_CODE = YES;
				CLANG_WARN__DUPLICATE_METHOD_MATCH = YES;
				COPY_PHASE_STRIP = NO;
				DEBUG_INFORMATION_FORMAT = dwarf;
				ENABLE_STRICT_OBJC_MSGSEND = YES;
				ENABLE_TESTABILITY = YES;
				ENABLE_USER_SCRIPT_SANDBOXING = YES;
				GCC_C_LANGUAGE_STANDARD = gnu17;
				GCC_DYNAMIC_NO_PIC = NO;
				GCC_NO_COMMON_BLOCKS = YES;
				GCC_OPTIMIZATION_LEVEL = 0;
				GCC_PREPROCESSOR_DEFINITIONS = (
					"DEBUG=1",
					"$(inherited)",
				);
				GCC_WARN_64_TO_32_BIT_CONVERSION = YES;
				GCC_WARN_ABOUT_RETURN_TYPE = YES_ERROR;
				GCC_WARN_UNDECLARED_SELECTOR = YES;
				GCC_WARN_UNINITIALIZED_AUTOS = YES_AGGRESSIVE;
				GCC_WARN_UNUSED_FUNCTION = YES;
				GCC_WARN_UNUSED_VARIABLE = YES;
				IPHONEOS_DEPLOYMENT_TARGET = 17.5;
				LOCALIZATION_PREFERS_STRING_CATALOGS = YES;
				MTL_ENABLE_DEBUG_INFO = INCLUDE_SOURCE;
				MTL_FAST_MATH = YES;
				ONLY_ACTIVE_ARCH = YES;
				SDKROOT = iphoneos;
				SWIFT_ACTIVE_COMPILATION_CONDITIONS = "DEBUG $(inherited)";
				SWIFT_OPTIMIZATION_LEVEL = "-Onone";
			};
			name = Debug;
		};
		CAD910742C91773300EF1009 /* Release */ = {
			isa = XCBuildConfiguration;
			buildSettings = {
				ALWAYS_SEARCH_USER_PATHS = NO;
				ASSETCATALOG_COMPILER_GENERATE_SWIFT_ASSET_SYMBOL_EXTENSIONS = YES;
				CLANG_ANALYZER_NONNULL = YES;
				CLANG_ANALYZER_NUMBER_OBJECT_CONVERSION = YES_AGGRESSIVE;
				CLANG_CXX_LANGUAGE_STANDARD = "gnu++20";
				CLANG_ENABLE_MODULES = YES;
				CLANG_ENABLE_OBJC_ARC = YES;
				CLANG_ENABLE_OBJC_WEAK = YES;
				CLANG_WARN_BLOCK_CAPTURE_AUTORELEASING = YES;
				CLANG_WARN_BOOL_CONVERSION = YES;
				CLANG_WARN_COMMA = YES;
				CLANG_WARN_CONSTANT_CONVERSION = YES;
				CLANG_WARN_DEPRECATED_OBJC_IMPLEMENTATIONS = YES;
				CLANG_WARN_DIRECT_OBJC_ISA_USAGE = YES_ERROR;
				CLANG_WARN_DOCUMENTATION_COMMENTS = YES;
				CLANG_WARN_EMPTY_BODY = YES;
				CLANG_WARN_ENUM_CONVERSION = YES;
				CLANG_WARN_INFINITE_RECURSION = YES;
				CLANG_WARN_INT_CONVERSION = YES;
				CLANG_WARN_NON_LITERAL_NULL_CONVERSION = YES;
				CLANG_WARN_OBJC_IMPLICIT_RETAIN_SELF = YES;
				CLANG_WARN_OBJC_LITERAL_CONVERSION = YES;
				CLANG_WARN_OBJC_ROOT_CLASS = YES_ERROR;
				CLANG_WARN_QUOTED_INCLUDE_IN_FRAMEWORK_HEADER = YES;
				CLANG_WARN_RANGE_LOOP_ANALYSIS = YES;
				CLANG_WARN_STRICT_PROTOTYPES = YES;
				CLANG_WARN_SUSPICIOUS_MOVE = YES;
				CLANG_WARN_UNGUARDED_AVAILABILITY = YES_AGGRESSIVE;
				CLANG_WARN_UNREACHABLE_CODE = YES;
				CLANG_WARN__DUPLICATE_METHOD_MATCH = YES;
				COPY_PHASE_STRIP = NO;
				DEBUG_INFORMATION_FORMAT = "dwarf-with-dsym";
				ENABLE_NS_ASSERTIONS = NO;
				ENABLE_STRICT_OBJC_MSGSEND = YES;
				ENABLE_USER_SCRIPT_SANDBOXING = YES;
				GCC_C_LANGUAGE_STANDARD = gnu17;
				GCC_NO_COMMON_BLOCKS = YES;
				GCC_WARN_64_TO_32_BIT_CONVERSION = YES;
				GCC_WARN_ABOUT_RETURN_TYPE = YES_ERROR;
				GCC_WARN_UNDECLARED_SELECTOR = YES;
				GCC_WARN_UNINITIALIZED_AUTOS = YES_AGGRESSIVE;
				GCC_WARN_UNUSED_FUNCTION = YES;
				GCC_WARN_UNUSED_VARIABLE = YES;
				IPHONEOS_DEPLOYMENT_TARGET = 17.5;
				LOCALIZATION_PREFERS_STRING_CATALOGS = YES;
				MTL_ENABLE_DEBUG_INFO = NO;
				MTL_FAST_MATH = YES;
				SDKROOT = iphoneos;
				SWIFT_COMPILATION_MODE = wholemodule;
				VALIDATE_PRODUCT = YES;
			};
			name = Release;
		};
		CAD910762C91773300EF1009 /* Debug */ = {
			isa = XCBuildConfiguration;
			buildSettings = {
				ASSETCATALOG_COMPILER_APPICON_NAME = AppIcon;
				ASSETCATALOG_COMPILER_GLOBAL_ACCENT_COLOR_NAME = AccentColor;
				CODE_SIGN_STYLE = Automatic;
				CURRENT_PROJECT_VERSION = 1;
				DEVELOPMENT_TEAM = LKCXB3W5BN;
				GENERATE_INFOPLIST_FILE = YES;
				INFOPLIST_FILE = "Present Service Contact Weather/Info.plist";
				INFOPLIST_KEY_UIApplicationSupportsIndirectInputEvents = YES;
				INFOPLIST_KEY_UILaunchStoryboardName = LaunchScreen;
				INFOPLIST_KEY_UIMainStoryboardFile = Main;
				INFOPLIST_KEY_UISupportedInterfaceOrientations_iPad = "UIInterfaceOrientationPortrait UIInterfaceOrientationPortraitUpsideDown UIInterfaceOrientationLandscapeLeft UIInterfaceOrientationLandscapeRight";
				INFOPLIST_KEY_UISupportedInterfaceOrientations_iPhone = "UIInterfaceOrientationPortrait UIInterfaceOrientationLandscapeLeft UIInterfaceOrientationLandscapeRight";
				LD_RUNPATH_SEARCH_PATHS = (
					"$(inherited)",
					"@executable_path/Frameworks",
				);
				MARKETING_VERSION = 1.0;
				PRODUCT_BUNDLE_IDENTIFIER = "Pavel-Krigin.Present-Service-Contact-Weather";
				PRODUCT_NAME = "$(TARGET_NAME)";
				SWIFT_EMIT_LOC_STRINGS = YES;
				SWIFT_VERSION = 5.0;
				TARGETED_DEVICE_FAMILY = "1,2";
			};
			name = Debug;
		};
		CAD910772C91773300EF1009 /* Release */ = {
			isa = XCBuildConfiguration;
			buildSettings = {
				ASSETCATALOG_COMPILER_APPICON_NAME = AppIcon;
				ASSETCATALOG_COMPILER_GLOBAL_ACCENT_COLOR_NAME = AccentColor;
				CODE_SIGN_STYLE = Automatic;
				CURRENT_PROJECT_VERSION = 1;
				DEVELOPMENT_TEAM = LKCXB3W5BN;
				GENERATE_INFOPLIST_FILE = YES;
				INFOPLIST_FILE = "Present Service Contact Weather/Info.plist";
				INFOPLIST_KEY_UIApplicationSupportsIndirectInputEvents = YES;
				INFOPLIST_KEY_UILaunchStoryboardName = LaunchScreen;
				INFOPLIST_KEY_UIMainStoryboardFile = Main;
				INFOPLIST_KEY_UISupportedInterfaceOrientations_iPad = "UIInterfaceOrientationPortrait UIInterfaceOrientationPortraitUpsideDown UIInterfaceOrientationLandscapeLeft UIInterfaceOrientationLandscapeRight";
				INFOPLIST_KEY_UISupportedInterfaceOrientations_iPhone = "UIInterfaceOrientationPortrait UIInterfaceOrientationLandscapeLeft UIInterfaceOrientationLandscapeRight";
				LD_RUNPATH_SEARCH_PATHS = (
					"$(inherited)",
					"@executable_path/Frameworks",
				);
				MARKETING_VERSION = 1.0;
				PRODUCT_BUNDLE_IDENTIFIER = "Pavel-Krigin.Present-Service-Contact-Weather";
				PRODUCT_NAME = "$(TARGET_NAME)";
				SWIFT_EMIT_LOC_STRINGS = YES;
				SWIFT_VERSION = 5.0;
				TARGETED_DEVICE_FAMILY = "1,2";
			};
			name = Release;
		};
/* End XCBuildConfiguration section */

/* Begin XCConfigurationList section */
		CAD9105C2C91773100EF1009 /* Build configuration list for PBXProject "Present Service Contact Weather" */ = {
			isa = XCConfigurationList;
			buildConfigurations = (
				CAD910732C91773300EF1009 /* Debug */,
				CAD910742C91773300EF1009 /* Release */,
			);
			defaultConfigurationIsVisible = 0;
			defaultConfigurationName = Release;
		};
		CAD910752C91773300EF1009 /* Build configuration list for PBXNativeTarget "Present Service Contact Weather" */ = {
			isa = XCConfigurationList;
			buildConfigurations = (
				CAD910762C91773300EF1009 /* Debug */,
				CAD910772C91773300EF1009 /* Release */,
			);
			defaultConfigurationIsVisible = 0;
			defaultConfigurationName = Release;
		};
/* End XCConfigurationList section */
	};
	rootObject = CAD910592C91773100EF1009 /* Project object */;
}
